
Microsoft Visual Studio Solution File, Format Version 12.00
# Visual Studio Version 17
VisualStudioVersion = 17.7.34024.191
MinimumVisualStudioVersion = 10.0.40219.1
Project("{9A19103F-16F7-4668-BE54-9A1E7A4F7556}") = "DAL", "DAL\DAL.csproj", "{35329DBF-889B-4965-AB42-2DEC45F93BDC}"
EndProject
Project("{9A19103F-16F7-4668-BE54-9A1E7A4F7556}") = "BackEnd", "BackEnd\BackEnd.csproj", "{D554B31D-7DE7-4CE9-91DD-F901383731EC}"
EndProject
Project("{9A19103F-16F7-4668-BE54-9A1E7A4F7556}") = "FrontEnd", "FrontEnd\FrontEnd.csproj", "{B6D371D3-1B89-464C-82F5-2DD9EA0B6782}"
EndProject
Project("{9A19103F-16F7-4668-BE54-9A1E7A4F7556}") = "Entities", "Entities\Entities.csproj", "{976CB4D3-AF6F-47C1-B9A6-0832CA565E38}"
EndProject
Global
	GlobalSection(SolutionConfigurationPlatforms) = preSolution
		Debug|Any CPU = Debug|Any CPU
		Release|Any CPU = Release|Any CPU
	EndGlobalSection
	GlobalSection(ProjectConfigurationPlatforms) = postSolution
		{35329DBF-889B-4965-AB42-2DEC45F93BDC}.Debug|Any CPU.ActiveCfg = Debug|Any CPU
		{35329DBF-889B-4965-AB42-2DEC45F93BDC}.Debug|Any CPU.Build.0 = Debug|Any CPU
		{35329DBF-889B-4965-AB42-2DEC45F93BDC}.Release|Any CPU.ActiveCfg = Release|Any CPU
		{35329DBF-889B-4965-AB42-2DEC45F93BDC}.Release|Any CPU.Build.0 = Release|Any CPU
		{D554B31D-7DE7-4CE9-91DD-F901383731EC}.Debug|Any CPU.ActiveCfg = Debug|Any CPU
		{D554B31D-7DE7-4CE9-91DD-F901383731EC}.Debug|Any CPU.Build.0 = Debug|Any CPU
		{D554B31D-7DE7-4CE9-91DD-F901383731EC}.Release|Any CPU.ActiveCfg = Release|Any CPU
		{D554B31D-7DE7-4CE9-91DD-F901383731EC}.Release|Any CPU.Build.0 = Release|Any CPU
		{B6D371D3-1B89-464C-82F5-2DD9EA0B6782}.Debug|Any CPU.ActiveCfg = Debug|Any CPU
		{B6D371D3-1B89-464C-82F5-2DD9EA0B6782}.Debug|Any CPU.Build.0 = Debug|Any CPU
		{B6D371D3-1B89-464C-82F5-2DD9EA0B6782}.Release|Any CPU.ActiveCfg = Release|Any CPU
		{B6D371D3-1B89-464C-82F5-2DD9EA0B6782}.Release|Any CPU.Build.0 = Release|Any CPU
		{976CB4D3-AF6F-47C1-B9A6-0832CA565E38}.Debug|Any CPU.ActiveCfg = Debug|Any CPU
		{976CB4D3-AF6F-47C1-B9A6-0832CA565E38}.Debug|Any CPU.Build.0 = Debug|Any CPU
		{976CB4D3-AF6F-47C1-B9A6-0832CA565E38}.Release|Any CPU.ActiveCfg = Release|Any CPU
		{976CB4D3-AF6F-47C1-B9A6-0832CA565E38}.Release|Any CPU.Build.0 = Release|Any CPU
	EndGlobalSection
	GlobalSection(SolutionProperties) = preSolution
		HideSolutionNode = FALSE
	EndGlobalSection
	GlobalSection(ExtensibilityGlobals) = postSolution
		SolutionGuid = {16F4DD10-33A3-456F-A74B-D482629DA984}
	EndGlobalSection
EndGlobal
